
Microsoft Visual Studio Solution File, Format Version 12.00
# Visual Studio Express 2013 for Web
VisualStudioVersion = 12.0.30723.0
MinimumVisualStudioVersion = 10.0.40219.1
Project("{FAE04EC0-301F-11D3-BF4B-00C04F79EFBC}") = "Heavysoft.LockFreeSessionState.Common", "Heavysoft.LockFreeSessionState.Common\Heavysoft.LockFreeSessionState.Common.csproj", "{39856AAE-56CA-4955-A756-2E7638B5D0AB}"
EndProject
Project("{FAE04EC0-301F-11D3-BF4B-00C04F79EFBC}") = "LockFreeSample", "LockFreeSample\LockFreeSample.csproj", "{93424565-4203-45F4-AE4C-2146DED76114}"
EndProject
Project("{FAE04EC0-301F-11D3-BF4B-00C04F79EFBC}") = "StandardSample", "StandardSample\StandardSample.csproj", "{2C5D07CD-D544-47C2-A1EB-33E5F78B103A}"
EndProject
Project("{FAE04EC0-301F-11D3-BF4B-00C04F79EFBC}") = "Heavysoft.LockFreeSessionState.HashTable", "Heavysoft.LockFreeSessionState.HashTable\Heavysoft.LockFreeSessionState.HashTable.csproj", "{9D146256-9E7E-4F10-B6F7-299E946E30F6}"
EndProject
Global
	GlobalSection(SolutionConfigurationPlatforms) = preSolution
		Debug|Any CPU = Debug|Any CPU
		Release|Any CPU = Release|Any CPU
	EndGlobalSection
	GlobalSection(ProjectConfigurationPlatforms) = postSolution
		{39856AAE-56CA-4955-A756-2E7638B5D0AB}.Debug|Any CPU.ActiveCfg = Debug|Any CPU
		{39856AAE-56CA-4955-A756-2E7638B5D0AB}.Debug|Any CPU.Build.0 = Debug|Any CPU
		{39856AAE-56CA-4955-A756-2E7638B5D0AB}.Release|Any CPU.ActiveCfg = Release|Any CPU
		{39856AAE-56CA-4955-A756-2E7638B5D0AB}.Release|Any CPU.Build.0 = Release|Any CPU
		{93424565-4203-45F4-AE4C-2146DED76114}.Debug|Any CPU.ActiveCfg = Debug|Any CPU
		{93424565-4203-45F4-AE4C-2146DED76114}.Debug|Any CPU.Build.0 = Debug|Any CPU
		{93424565-4203-45F4-AE4C-2146DED76114}.Release|Any CPU.ActiveCfg = Release|Any CPU
		{93424565-4203-45F4-AE4C-2146DED76114}.Release|Any CPU.Build.0 = Release|Any CPU
		{2C5D07CD-D544-47C2-A1EB-33E5F78B103A}.Debug|Any CPU.ActiveCfg = Debug|Any CPU
		{2C5D07CD-D544-47C2-A1EB-33E5F78B103A}.Debug|Any CPU.Build.0 = Debug|Any CPU
		{2C5D07CD-D544-47C2-A1EB-33E5F78B103A}.Release|Any CPU.ActiveCfg = Release|Any CPU
		{2C5D07CD-D544-47C2-A1EB-33E5F78B103A}.Release|Any CPU.Build.0 = Release|Any CPU
		{9D146256-9E7E-4F10-B6F7-299E946E30F6}.Debug|Any CPU.ActiveCfg = Debug|Any CPU
		{9D146256-9E7E-4F10-B6F7-299E946E30F6}.Debug|Any CPU.Build.0 = Debug|Any CPU
		{9D146256-9E7E-4F10-B6F7-299E946E30F6}.Release|Any CPU.ActiveCfg = Release|Any CPU
		{9D146256-9E7E-4F10-B6F7-299E946E30F6}.Release|Any CPU.Build.0 = Release|Any CPU
	EndGlobalSection
	GlobalSection(SolutionProperties) = preSolution
		HideSolutionNode = FALSE
	EndGlobalSection
EndGlobal
